
Microsoft Visual Studio Solution File, Format Version 12.00
# Visual Studio Version 17
VisualStudioVersion = 17.5.002.0
MinimumVisualStudioVersion = 10.0.40219.1
Project("{9A19103F-16F7-4668-BE54-9A1E7A4F7556}") = "WEEK12HOMEWORK", "WEEK12HOMEWORK.csproj", "{C2B6E00A-FA9D-420A-B1DF-4F60AE4160E0}"
EndProject
Global
	GlobalSection(SolutionConfigurationPlatforms) = preSolution
		Debug|Any CPU = Debug|Any CPU
		Release|Any CPU = Release|Any CPU
	EndGlobalSection
	GlobalSection(ProjectConfigurationPlatforms) = postSolution
		{C2B6E00A-FA9D-420A-B1DF-4F60AE4160E0}.Debug|Any CPU.ActiveCfg = Debug|Any CPU
		{C2B6E00A-FA9D-420A-B1DF-4F60AE4160E0}.Debug|Any CPU.Build.0 = Debug|Any CPU
		{C2B6E00A-FA9D-420A-B1DF-4F60AE4160E0}.Release|Any CPU.ActiveCfg = Release|Any CPU
		{C2B6E00A-FA9D-420A-B1DF-4F60AE4160E0}.Release|Any CPU.Build.0 = Release|Any CPU
	EndGlobalSection
	GlobalSection(SolutionProperties) = preSolution
		HideSolutionNode = FALSE
	EndGlobalSection
	GlobalSection(ExtensibilityGlobals) = postSolution
		SolutionGuid = {45FBE9B0-B7FB-47F4-8C05-79D505F50D62}
	EndGlobalSection
EndGlobal
